// !$*UTF8*$!
{
	archiveVersion = 1;
	classes = {
	};
	objectVersion = 55;
	objects = {

/* Begin PBXBuildFile section */
		ECF01F7E2850A3C90074999E /* Player_MVVM__Pet_projectApp.swift in Sources */ = {isa = PBXBuildFile; fileRef = ECF01F7D2850A3C90074999E /* Player_MVVM__Pet_projectApp.swift */; };
		ECF01F802850A3C90074999E /* ContentView.swift in Sources */ = {isa = PBXBuildFile; fileRef = ECF01F7F2850A3C90074999E /* ContentView.swift */; };
		ECF01F822850A3CC0074999E /* Assets.xcassets in Resources */ = {isa = PBXBuildFile; fileRef = ECF01F812850A3CC0074999E /* Assets.xcassets */; };
		ECF01F852850A3CC0074999E /* Preview Assets.xcassets in Resources */ = {isa = PBXBuildFile; fileRef = ECF01F842850A3CC0074999E /* Preview Assets.xcassets */; };
		ECF01F8F2850A3CC0074999E /* Player_MVVM__Pet_projectTests.swift in Sources */ = {isa = PBXBuildFile; fileRef = ECF01F8E2850A3CC0074999E /* Player_MVVM__Pet_projectTests.swift */; };
		ECF01F992850A3CC0074999E /* Player_MVVM__Pet_projectUITests.swift in Sources */ = {isa = PBXBuildFile; fileRef = ECF01F982850A3CC0074999E /* Player_MVVM__Pet_projectUITests.swift */; };
		ECF01F9B2850A3CC0074999E /* Player_MVVM__Pet_projectUITestsLaunchTests.swift in Sources */ = {isa = PBXBuildFile; fileRef = ECF01F9A2850A3CC0074999E /* Player_MVVM__Pet_projectUITestsLaunchTests.swift */; };
/* End PBXBuildFile section */

/* Begin PBXContainerItemProxy section */
		ECF01F8B2850A3CC0074999E /* PBXContainerItemProxy */ = {
			isa = PBXContainerItemProxy;
			containerPortal = ECF01F722850A3C90074999E /* Project object */;
			proxyType = 1;
			remoteGlobalIDString = ECF01F792850A3C90074999E;
			remoteInfo = "Player MVVM  Pet project";
		};
		ECF01F952850A3CC0074999E /* PBXContainerItemProxy */ = {
			isa = PBXContainerItemProxy;
			containerPortal = ECF01F722850A3C90074999E /* Project object */;
			proxyType = 1;
			remoteGlobalIDString = ECF01F792850A3C90074999E;
			remoteInfo = "Player MVVM  Pet project";
		};
/* End PBXContainerItemProxy section */

/* Begin PBXFileReference section */
		ECF01F7A2850A3C90074999E /* Player MVVM  Pet project.app */ = {isa = PBXFileReference; explicitFileType = wrapper.application; includeInIndex = 0; path = "Player MVVM  Pet project.app"; sourceTree = BUILT_PRODUCTS_DIR; };
		ECF01F7D2850A3C90074999E /* Player_MVVM__Pet_projectApp.swift */ = {isa = PBXFileReference; lastKnownFileType = sourcecode.swift; path = Player_MVVM__Pet_projectApp.swift; sourceTree = "<group>"; };
		ECF01F7F2850A3C90074999E /* ContentView.swift */ = {isa = PBXFileReference; lastKnownFileType = sourcecode.swift; path = ContentView.swift; sourceTree = "<group>"; };
		ECF01F812850A3CC0074999E /* Assets.xcassets */ = {isa = PBXFileReference; lastKnownFileType = folder.assetcatalog; path = Assets.xcassets; sourceTree = "<group>"; };
		ECF01F842850A3CC0074999E /* Preview Assets.xcassets */ = {isa = PBXFileReference; lastKnownFileType = folder.assetcatalog; path = "Preview Assets.xcassets"; sourceTree = "<group>"; };
		ECF01F8A2850A3CC0074999E /* Player MVVM  Pet projectTests.xctest */ = {isa = PBXFileReference; explicitFileType = wrapper.cfbundle; includeInIndex = 0; path = "Player MVVM  Pet projectTests.xctest"; sourceTree = BUILT_PRODUCTS_DIR; };
		ECF01F8E2850A3CC0074999E /* Player_MVVM__Pet_projectTests.swift */ = {isa = PBXFileReference; lastKnownFileType = sourcecode.swift; path = Player_MVVM__Pet_projectTests.swift; sourceTree = "<group>"; };
		ECF01F942850A3CC0074999E /* Player MVVM  Pet projectUITests.xctest */ = {isa = PBXFileReference; explicitFileType = wrapper.cfbundle; includeInIndex = 0; path = "Player MVVM  Pet projectUITests.xctest"; sourceTree = BUILT_PRODUCTS_DIR; };
		ECF01F982850A3CC0074999E /* Player_MVVM__Pet_projectUITests.swift */ = {isa = PBXFileReference; lastKnownFileType = sourcecode.swift; path = Player_MVVM__Pet_projectUITests.swift; sourceTree = "<group>"; };
		ECF01F9A2850A3CC0074999E /* Player_MVVM__Pet_projectUITestsLaunchTests.swift */ = {isa = PBXFileReference; lastKnownFileType = sourcecode.swift; path = Player_MVVM__Pet_projectUITestsLaunchTests.swift; sourceTree = "<group>"; };
/* End PBXFileReference section */

/* Begin PBXFrameworksBuildPhase section */
		ECF01F772850A3C90074999E /* Frameworks */ = {
			isa = PBXFrameworksBuildPhase;
			buildActionMask = 2147483647;
			files = (
			);
			runOnlyForDeploymentPostprocessing = 0;
		};
		ECF01F872850A3CC0074999E /* Frameworks */ = {
			isa = PBXFrameworksBuildPhase;
			buildActionMask = 2147483647;
			files = (
			);
			runOnlyForDeploymentPostprocessing = 0;
		};
		ECF01F912850A3CC0074999E /* Frameworks */ = {
			isa = PBXFrameworksBuildPhase;
			buildActionMask = 2147483647;
			files = (
			);
			runOnlyForDeploymentPostprocessing = 0;
		};
/* End PBXFrameworksBuildPhase section */

/* Begin PBXGroup section */
		ECF01F712850A3C90074999E = {
			isa = PBXGroup;
			children = (
				ECF01F7C2850A3C90074999E /* Player MVVM  Pet project */,
				ECF01F8D2850A3CC0074999E /* Player MVVM  Pet projectTests */,
				ECF01F972850A3CC0074999E /* Player MVVM  Pet projectUITests */,
				ECF01F7B2850A3C90074999E /* Products */,
			);
			sourceTree = "<group>";
		};
		ECF01F7B2850A3C90074999E /* Products */ = {
			isa = PBXGroup;
			children = (
				ECF01F7A2850A3C90074999E /* Player MVVM  Pet project.app */,
				ECF01F8A2850A3CC0074999E /* Player MVVM  Pet projectTests.xctest */,
				ECF01F942850A3CC0074999E /* Player MVVM  Pet projectUITests.xctest */,
			);
			name = Products;
			sourceTree = "<group>";
		};
		ECF01F7C2850A3C90074999E /* Player MVVM  Pet project */ = {
			isa = PBXGroup;
			children = (
				ECF01F7D2850A3C90074999E /* Player_MVVM__Pet_projectApp.swift */,
				ECF01F7F2850A3C90074999E /* ContentView.swift */,
				ECF01F812850A3CC0074999E /* Assets.xcassets */,
				ECF01F832850A3CC0074999E /* Preview Content */,
			);
			path = "Player MVVM  Pet project";
			sourceTree = "<group>";
		};
		ECF01F832850A3CC0074999E /* Preview Content */ = {
			isa = PBXGroup;
			children = (
				ECF01F842850A3CC0074999E /* Preview Assets.xcassets */,
			);
			path = "Preview Content";
			sourceTree = "<group>";
		};
		ECF01F8D2850A3CC0074999E /* Player MVVM  Pet projectTests */ = {
			isa = PBXGroup;
			children = (
				ECF01F8E2850A3CC0074999E /* Player_MVVM__Pet_projectTests.swift */,
			);
			path = "Player MVVM  Pet projectTests";
			sourceTree = "<group>";
		};
		ECF01F972850A3CC0074999E /* Player MVVM  Pet projectUITests */ = {
			isa = PBXGroup;
			children = (
				ECF01F982850A3CC0074999E /* Player_MVVM__Pet_projectUITests.swift */,
				ECF01F9A2850A3CC0074999E /* Player_MVVM__Pet_projectUITestsLaunchTests.swift */,
			);
			path = "Player MVVM  Pet projectUITests";
			sourceTree = "<group>";
		};
/* End PBXGroup section */

/* Begin PBXNativeTarget section */
		ECF01F792850A3C90074999E /* Player MVVM  Pet project */ = {
			isa = PBXNativeTarget;
			buildConfigurationList = ECF01F9E2850A3CC0074999E /* Build configuration list for PBXNativeTarget "Player MVVM  Pet project" */;
			buildPhases = (
				ECF01F762850A3C90074999E /* Sources */,
				ECF01F772850A3C90074999E /* Frameworks */,
				ECF01F782850A3C90074999E /* Resources */,
			);
			buildRules = (
			);
			dependencies = (
			);
			name = "Player MVVM  Pet project";
			productName = "Player MVVM  Pet project";
			productReference = ECF01F7A2850A3C90074999E /* Player MVVM  Pet project.app */;
			productType = "com.apple.product-type.application";
		};
		ECF01F892850A3CC0074999E /* Player MVVM  Pet projectTests */ = {
			isa = PBXNativeTarget;
			buildConfigurationList = ECF01FA12850A3CC0074999E /* Build configuration list for PBXNativeTarget "Player MVVM  Pet projectTests" */;
			buildPhases = (
				ECF01F862850A3CC0074999E /* Sources */,
				ECF01F872850A3CC0074999E /* Frameworks */,
				ECF01F882850A3CC0074999E /* Resources */,
			);
			buildRules = (
			);
			dependencies = (
				ECF01F8C2850A3CC0074999E /* PBXTargetDependency */,
			);
			name = "Player MVVM  Pet projectTests";
			productName = "Player MVVM  Pet projectTests";
			productReference = ECF01F8A2850A3CC0074999E /* Player MVVM  Pet projectTests.xctest */;
			productType = "com.apple.product-type.bundle.unit-test";
		};
		ECF01F932850A3CC0074999E /* Player MVVM  Pet projectUITests */ = {
			isa = PBXNativeTarget;
			buildConfigurationList = ECF01FA42850A3CC0074999E /* Build configuration list for PBXNativeTarget "Player MVVM  Pet projectUITests" */;
			buildPhases = (
				ECF01F902850A3CC0074999E /* Sources */,
				ECF01F912850A3CC0074999E /* Frameworks */,
				ECF01F922850A3CC0074999E /* Resources */,
			);
			buildRules = (
			);
			dependencies = (
				ECF01F962850A3CC0074999E /* PBXTargetDependency */,
			);
			name = "Player MVVM  Pet projectUITests";
			productName = "Player MVVM  Pet projectUITests";
			productReference = ECF01F942850A3CC0074999E /* Player MVVM  Pet projectUITests.xctest */;
			productType = "com.apple.product-type.bundle.ui-testing";
		};
/* End PBXNativeTarget section */

/* Begin PBXProject section */
		ECF01F722850A3C90074999E /* Project object */ = {
			isa = PBXProject;
			attributes = {
				BuildIndependentTargetsInParallel = 1;
				LastSwiftUpdateCheck = 1330;
				LastUpgradeCheck = 1330;
				TargetAttributes = {
					ECF01F792850A3C90074999E = {
						CreatedOnToolsVersion = 13.3.1;
					};
					ECF01F892850A3CC0074999E = {
						CreatedOnToolsVersion = 13.3.1;
						TestTargetID = ECF01F792850A3C90074999E;
					};
					ECF01F932850A3CC0074999E = {
						CreatedOnToolsVersion = 13.3.1;
						TestTargetID = ECF01F792850A3C90074999E;
					};
				};
			};
			buildConfigurationList = ECF01F752850A3C90074999E /* Build configuration list for PBXProject "Player MVVM  Pet project" */;
			compatibilityVersion = "Xcode 13.0";
			developmentRegion = en;
			hasScannedForEncodings = 0;
			knownRegions = (
				en,
				Base,
			);
			mainGroup = ECF01F712850A3C90074999E;
			productRefGroup = ECF01F7B2850A3C90074999E /* Products */;
			projectDirPath = "";
			projectRoot = "";
			targets = (
				ECF01F792850A3C90074999E /* Player MVVM  Pet project */,
				ECF01F892850A3CC0074999E /* Player MVVM  Pet projectTests */,
				ECF01F932850A3CC0074999E /* Player MVVM  Pet projectUITests */,
			);
		};
/* End PBXProject section */

/* Begin PBXResourcesBuildPhase section */
		ECF01F782850A3C90074999E /* Resources */ = {
			isa = PBXResourcesBuildPhase;
			buildActionMask = 2147483647;
			files = (
				ECF01F852850A3CC0074999E /* Preview Assets.xcassets in Resources */,
				ECF01F822850A3CC0074999E /* Assets.xcassets in Resources */,
			);
			runOnlyForDeploymentPostprocessing = 0;
		};
		ECF01F882850A3CC0074999E /* Resources */ = {
			isa = PBXResourcesBuildPhase;
			buildActionMask = 2147483647;
			files = (
			);
			runOnlyForDeploymentPostprocessing = 0;
		};
		ECF01F922850A3CC0074999E /* Resources */ = {
			isa = PBXResourcesBuildPhase;
			buildActionMask = 2147483647;
			files = (
			);
			runOnlyForDeploymentPostprocessing = 0;
		};
/* End PBXResourcesBuildPhase section */

/* Begin PBXSourcesBuildPhase section */
		ECF01F762850A3C90074999E /* Sources */ = {
			isa = PBXSourcesBuildPhase;
			buildActionMask = 2147483647;
			files = (
				ECF01F802850A3C90074999E /* ContentView.swift in Sources */,
				ECF01F7E2850A3C90074999E /* Player_MVVM__Pet_projectApp.swift in Sources */,
			);
			runOnlyForDeploymentPostprocessing = 0;
		};
		ECF01F862850A3CC0074999E /* Sources */ = {
			isa = PBXSourcesBuildPhase;
			buildActionMask = 2147483647;
			files = (
				ECF01F8F2850A3CC0074999E /* Player_MVVM__Pet_projectTests.swift in Sources */,
			);
			runOnlyForDeploymentPostprocessing = 0;
		};
		ECF01F902850A3CC0074999E /* Sources */ = {
			isa = PBXSourcesBuildPhase;
			buildActionMask = 2147483647;
			files = (
				ECF01F992850A3CC0074999E /* Player_MVVM__Pet_projectUITests.swift in Sources */,
				ECF01F9B2850A3CC0074999E /* Player_MVVM__Pet_projectUITestsLaunchTests.swift in Sources */,
			);
			runOnlyForDeploymentPostprocessing = 0;
		};
/* End PBXSourcesBuildPhase section */

/* Begin PBXTargetDependency section */
		ECF01F8C2850A3CC0074999E /* PBXTargetDependency */ = {
			isa = PBXTargetDependency;
			target = ECF01F792850A3C90074999E /* Player MVVM  Pet project */;
			targetProxy = ECF01F8B2850A3CC0074999E /* PBXContainerItemProxy */;
		};
		ECF01F962850A3CC0074999E /* PBXTargetDependency */ = {
			isa = PBXTargetDependency;
			target = ECF01F792850A3C90074999E /* Player MVVM  Pet project */;
			targetProxy = ECF01F952850A3CC0074999E /* PBXContainerItemProxy */;
		};
/* End PBXTargetDependency section */

/* Begin XCBuildConfiguration section */
		ECF01F9C2850A3CC0074999E /* Debug */ = {
			isa = XCBuildConfiguration;
			buildSettings = {
				ALWAYS_SEARCH_USER_PATHS = NO;
				CLANG_ANALYZER_NONNULL = YES;
				CLANG_ANALYZER_NUMBER_OBJECT_CONVERSION = YES_AGGRESSIVE;
				CLANG_CXX_LANGUAGE_STANDARD = "gnu++17";
				CLANG_ENABLE_MODULES = YES;
				CLANG_ENABLE_OBJC_ARC = YES;
				CLANG_ENABLE_OBJC_WEAK = YES;
				CLANG_WARN_BLOCK_CAPTURE_AUTORELEASING = YES;
				CLANG_WARN_BOOL_CONVERSION = YES;
				CLANG_WARN_COMMA = YES;
				CLANG_WARN_CONSTANT_CONVERSION = YES;
				CLANG_WARN_DEPRECATED_OBJC_IMPLEMENTATIONS = YES;
				CLANG_WARN_DIRECT_OBJC_ISA_USAGE = YES_ERROR;
				CLANG_WARN_DOCUMENTATION_COMMENTS = YES;
				CLANG_WARN_EMPTY_BODY = YES;
				CLANG_WARN_ENUM_CONVERSION = YES;
				CLANG_WARN_INFINITE_RECURSION = YES;
				CLANG_WARN_INT_CONVERSION = YES;
				CLANG_WARN_NON_LITERAL_NULL_CONVERSION = YES;
				CLANG_WARN_OBJC_IMPLICIT_RETAIN_SELF = YES;
				CLANG_WARN_OBJC_LITERAL_CONVERSION = YES;
				CLANG_WARN_OBJC_ROOT_CLASS = YES_ERROR;
				CLANG_WARN_QUOTED_INCLUDE_IN_FRAMEWORK_HEADER = YES;
				CLANG_WARN_RANGE_LOOP_ANALYSIS = YES;
				CLANG_WARN_STRICT_PROTOTYPES = YES;
				CLANG_WARN_SUSPICIOUS_MOVE = YES;
				CLANG_WARN_UNGUARDED_AVAILABILITY = YES_AGGRESSIVE;
				CLANG_WARN_UNREACHABLE_CODE = YES;
				CLANG_WARN__DUPLICATE_METHOD_MATCH = YES;
				COPY_PHASE_STRIP = NO;
				DEBUG_INFORMATION_FORMAT = dwarf;
				ENABLE_STRICT_OBJC_MSGSEND = YES;
				ENABLE_TESTABILITY = YES;
				GCC_C_LANGUAGE_STANDARD = gnu11;
				GCC_DYNAMIC_NO_PIC = NO;
				GCC_NO_COMMON_BLOCKS = YES;
				GCC_OPTIMIZATION_LEVEL = 0;
				GCC_PREPROCESSOR_DEFINITIONS = (
					"DEBUG=1",
					"$(inherited)",
				);
				GCC_WARN_64_TO_32_BIT_CONVERSION = YES;
				GCC_WARN_ABOUT_RETURN_TYPE = YES_ERROR;
				GCC_WARN_UNDECLARED_SELECTOR = YES;
				GCC_WARN_UNINITIALIZED_AUTOS = YES_AGGRESSIVE;
				GCC_WARN_UNUSED_FUNCTION = YES;
				GCC_WARN_UNUSED_VARIABLE = YES;
				IPHONEOS_DEPLOYMENT_TARGET = 15.4;
				MTL_ENABLE_DEBUG_INFO = INCLUDE_SOURCE;
				MTL_FAST_MATH = YES;
				ONLY_ACTIVE_ARCH = YES;
				SDKROOT = iphoneos;
				SWIFT_ACTIVE_COMPILATION_CONDITIONS = DEBUG;
				SWIFT_OPTIMIZATION_LEVEL = "-Onone";
			};
			name = Debug;
		};
		ECF01F9D2850A3CC0074999E /* Release */ = {
			isa = XCBuildConfiguration;
			buildSettings = {
				ALWAYS_SEARCH_USER_PATHS = NO;
				CLANG_ANALYZER_NONNULL = YES;
				CLANG_ANALYZER_NUMBER_OBJECT_CONVERSION = YES_AGGRESSIVE;
				CLANG_CXX_LANGUAGE_STANDARD = "gnu++17";
				CLANG_ENABLE_MODULES = YES;
				CLANG_ENABLE_OBJC_ARC = YES;
				CLANG_ENABLE_OBJC_WEAK = YES;
				CLANG_WARN_BLOCK_CAPTURE_AUTORELEASING = YES;
				CLANG_WARN_BOOL_CONVERSION = YES;
				CLANG_WARN_COMMA = YES;
				CLANG_WARN_CONSTANT_CONVERSION = YES;
				CLANG_WARN_DEPRECATED_OBJC_IMPLEMENTATIONS = YES;
				CLANG_WARN_DIRECT_OBJC_ISA_USAGE = YES_ERROR;
				CLANG_WARN_DOCUMENTATION_COMMENTS = YES;
				CLANG_WARN_EMPTY_BODY = YES;
				CLANG_WARN_ENUM_CONVERSION = YES;
				CLANG_WARN_INFINITE_RECURSION = YES;
				CLANG_WARN_INT_CONVERSION = YES;
				CLANG_WARN_NON_LITERAL_NULL_CONVERSION = YES;
				CLANG_WARN_OBJC_IMPLICIT_RETAIN_SELF = YES;
				CLANG_WARN_OBJC_LITERAL_CONVERSION = YES;
				CLANG_WARN_OBJC_ROOT_CLASS = YES_ERROR;
				CLANG_WARN_QUOTED_INCLUDE_IN_FRAMEWORK_HEADER = YES;
				CLANG_WARN_RANGE_LOOP_ANALYSIS = YES;
				CLANG_WARN_STRICT_PROTOTYPES = YES;
				CLANG_WARN_SUSPICIOUS_MOVE = YES;
				CLANG_WARN_UNGUARDED_AVAILABILITY = YES_AGGRESSIVE;
				CLANG_WARN_UNREACHABLE_CODE = YES;
				CLANG_WARN__DUPLICATE_METHOD_MATCH = YES;
				COPY_PHASE_STRIP = NO;
				DEBUG_INFORMATION_FORMAT = "dwarf-with-dsym";
				ENABLE_NS_ASSERTIONS = NO;
				ENABLE_STRICT_OBJC_MSGSEND = YES;
				GCC_C_LANGUAGE_STANDARD = gnu11;
				GCC_NO_COMMON_BLOCKS = YES;
				GCC_WARN_64_TO_32_BIT_CONVERSION = YES;
				GCC_WARN_ABOUT_RETURN_TYPE = YES_ERROR;
				GCC_WARN_UNDECLARED_SELECTOR = YES;
				GCC_WARN_UNINITIALIZED_AUTOS = YES_AGGRESSIVE;
				GCC_WARN_UNUSED_FUNCTION = YES;
				GCC_WARN_UNUSED_VARIABLE = YES;
				IPHONEOS_DEPLOYMENT_TARGET = 15.4;
				MTL_ENABLE_DEBUG_INFO = NO;
				MTL_FAST_MATH = YES;
				SDKROOT = iphoneos;
				SWIFT_COMPILATION_MODE = wholemodule;
				SWIFT_OPTIMIZATION_LEVEL = "-O";
				VALIDATE_PRODUCT = YES;
			};
			name = Release;
		};
		ECF01F9F2850A3CC0074999E /* Debug */ = {
			isa = XCBuildConfiguration;
			buildSettings = {
				ASSETCATALOG_COMPILER_APPICON_NAME = AppIcon;
				ASSETCATALOG_COMPILER_GLOBAL_ACCENT_COLOR_NAME = AccentColor;
				CODE_SIGN_STYLE = Automatic;
				CURRENT_PROJECT_VERSION = 1;
				DEVELOPMENT_ASSET_PATHS = "\"Player MVVM  Pet project/Preview Content\"";
				ENABLE_PREVIEWS = YES;
				GENERATE_INFOPLIST_FILE = YES;
				INFOPLIST_KEY_UIApplicationSceneManifest_Generation = YES;
				INFOPLIST_KEY_UIApplicationSupportsIndirectInputEvents = YES;
				INFOPLIST_KEY_UILaunchScreen_Generation = YES;
				INFOPLIST_KEY_UISupportedInterfaceOrientations_iPad = "UIInterfaceOrientationPortrait UIInterfaceOrientationPortraitUpsideDown UIInterfaceOrientationLandscapeLeft UIInterfaceOrientationLandscapeRight";
				INFOPLIST_KEY_UISupportedInterfaceOrientations_iPhone = "UIInterfaceOrientationPortrait UIInterfaceOrientationLandscapeLeft UIInterfaceOrientationLandscapeRight";
				LD_RUNPATH_SEARCH_PATHS = (
					"$(inherited)",
					"@executable_path/Frameworks",
				);
				MARKETING_VERSION = 1.0;
				PRODUCT_BUNDLE_IDENTIFIER = "Akromus.Player-MVVM--Pet-project";
				PRODUCT_NAME = "$(TARGET_NAME)";
				SWIFT_EMIT_LOC_STRINGS = YES;
				SWIFT_VERSION = 5.0;
				TARGETED_DEVICE_FAMILY = "1,2";
			};
			name = Debug;
		};
		ECF01FA02850A3CC0074999E /* Release */ = {
			isa = XCBuildConfiguration;
			buildSettings = {
				ASSETCATALOG_COMPILER_APPICON_NAME = AppIcon;
				ASSETCATALOG_COMPILER_GLOBAL_ACCENT_COLOR_NAME = AccentColor;
				CODE_SIGN_STYLE = Automatic;
				CURRENT_PROJECT_VERSION = 1;
				DEVELOPMENT_ASSET_PATHS = "\"Player MVVM  Pet project/Preview Content\"";
				ENABLE_PREVIEWS = YES;
				GENERATE_INFOPLIST_FILE = YES;
				INFOPLIST_KEY_UIApplicationSceneManifest_Generation = YES;
				INFOPLIST_KEY_UIApplicationSupportsIndirectInputEvents = YES;
				INFOPLIST_KEY_UILaunchScreen_Generation = YES;
				INFOPLIST_KEY_UISupportedInterfaceOrientations_iPad = "UIInterfaceOrientationPortrait UIInterfaceOrientationPortraitUpsideDown UIInterfaceOrientationLandscapeLeft UIInterfaceOrientationLandscapeRight";
				INFOPLIST_KEY_UISupportedInterfaceOrientations_iPhone = "UIInterfaceOrientationPortrait UIInterfaceOrientationLandscapeLeft UIInterfaceOrientationLandscapeRight";
				LD_RUNPATH_SEARCH_PATHS = (
					"$(inherited)",
					"@executable_path/Frameworks",
				);
				MARKETING_VERSION = 1.0;
				PRODUCT_BUNDLE_IDENTIFIER = "Akromus.Player-MVVM--Pet-project";
				PRODUCT_NAME = "$(TARGET_NAME)";
				SWIFT_EMIT_LOC_STRINGS = YES;
				SWIFT_VERSION = 5.0;
				TARGETED_DEVICE_FAMILY = "1,2";
			};
			name = Release;
		};
		ECF01FA22850A3CC0074999E /* Debug */ = {
			isa = XCBuildConfiguration;
			buildSettings = {
				ALWAYS_EMBED_SWIFT_STANDARD_LIBRARIES = YES;
				BUNDLE_LOADER = "$(TEST_HOST)";
				CODE_SIGN_STYLE = Automatic;
				CURRENT_PROJECT_VERSION = 1;
				GENERATE_INFOPLIST_FILE = YES;
				IPHONEOS_DEPLOYMENT_TARGET = 15.4;
				MARKETING_VERSION = 1.0;
				PRODUCT_BUNDLE_IDENTIFIER = "Akromus.Player-MVVM--Pet-projectTests";
				PRODUCT_NAME = "$(TARGET_NAME)";
				SWIFT_EMIT_LOC_STRINGS = NO;
				SWIFT_VERSION = 5.0;
				TARGETED_DEVICE_FAMILY = "1,2";
				TEST_HOST = "$(BUILT_PRODUCTS_DIR)/Player MVVM  Pet project.app/Player MVVM  Pet project";
			};
			name = Debug;
		};
		ECF01FA32850A3CC0074999E /* Release */ = {
			isa = XCBuildConfiguration;
			buildSettings = {
				ALWAYS_EMBED_SWIFT_STANDARD_LIBRARIES = YES;
				BUNDLE_LOADER = "$(TEST_HOST)";
				CODE_SIGN_STYLE = Automatic;
				CURRENT_PROJECT_VERSION = 1;
				GENERATE_INFOPLIST_FILE = YES;
				IPHONEOS_DEPLOYMENT_TARGET = 15.4;
				MARKETING_VERSION = 1.0;
				PRODUCT_BUNDLE_IDENTIFIER = "Akromus.Player-MVVM--Pet-projectTests";
				PRODUCT_NAME = "$(TARGET_NAME)";
				SWIFT_EMIT_LOC_STRINGS = NO;
				SWIFT_VERSION = 5.0;
				TARGETED_DEVICE_FAMILY = "1,2";
				TEST_HOST = "$(BUILT_PRODUCTS_DIR)/Player MVVM  Pet project.app/Player MVVM  Pet project";
			};
			name = Release;
		};
		ECF01FA52850A3CC0074999E /* Debug */ = {
			isa = XCBuildConfiguration;
			buildSettings = {
				ALWAYS_EMBED_SWIFT_STANDARD_LIBRARIES = YES;
				CODE_SIGN_STYLE = Automatic;
				CURRENT_PROJECT_VERSION = 1;
				GENERATE_INFOPLIST_FILE = YES;
				MARKETING_VERSION = 1.0;
				PRODUCT_BUNDLE_IDENTIFIER = "Akromus.Player-MVVM--Pet-projectUITests";
				PRODUCT_NAME = "$(TARGET_NAME)";
				SWIFT_EMIT_LOC_STRINGS = NO;
				SWIFT_VERSION = 5.0;
				TARGETED_DEVICE_FAMILY = "1,2";
				TEST_TARGET_NAME = "Player MVVM  Pet project";
			};
			name = Debug;
		};
		ECF01FA62850A3CC0074999E /* Release */ = {
			isa = XCBuildConfiguration;
			buildSettings = {
				ALWAYS_EMBED_SWIFT_STANDARD_LIBRARIES = YES;
				CODE_SIGN_STYLE = Automatic;
				CURRENT_PROJECT_VERSION = 1;
				GENERATE_INFOPLIST_FILE = YES;
				MARKETING_VERSION = 1.0;
				PRODUCT_BUNDLE_IDENTIFIER = "Akromus.Player-MVVM--Pet-projectUITests";
				PRODUCT_NAME = "$(TARGET_NAME)";
				SWIFT_EMIT_LOC_STRINGS = NO;
				SWIFT_VERSION = 5.0;
				TARGETED_DEVICE_FAMILY = "1,2";
				TEST_TARGET_NAME = "Player MVVM  Pet project";
			};
			name = Release;
		};
/* End XCBuildConfiguration section */

/* Begin XCConfigurationList section */
		ECF01F752850A3C90074999E /* Build configuration list for PBXProject "Player MVVM  Pet project" */ = {
			isa = XCConfigurationList;
			buildConfigurations = (
				ECF01F9C2850A3CC0074999E /* Debug */,
				ECF01F9D2850A3CC0074999E /* Release */,
			);
			defaultConfigurationIsVisible = 0;
			defaultConfigurationName = Release;
		};
		ECF01F9E2850A3CC0074999E /* Build configuration list for PBXNativeTarget "Player MVVM  Pet project" */ = {
			isa = XCConfigurationList;
			buildConfigurations = (
				ECF01F9F2850A3CC0074999E /* Debug */,
				ECF01FA02850A3CC0074999E /* Release */,
			);
			defaultConfigurationIsVisible = 0;
			defaultConfigurationName = Release;
		};
		ECF01FA12850A3CC0074999E /* Build configuration list for PBXNativeTarget "Player MVVM  Pet projectTests" */ = {
			isa = XCConfigurationList;
			buildConfigurations = (
				ECF01FA22850A3CC0074999E /* Debug */,
				ECF01FA32850A3CC0074999E /* Release */,
			);
			defaultConfigurationIsVisible = 0;
			defaultConfigurationName = Release;
		};
		ECF01FA42850A3CC0074999E /* Build configuration list for PBXNativeTarget "Player MVVM  Pet projectUITests" */ = {
			isa = XCConfigurationList;
			buildConfigurations = (
				ECF01FA52850A3CC0074999E /* Debug */,
				ECF01FA62850A3CC0074999E /* Release */,
			);
			defaultConfigurationIsVisible = 0;
			defaultConfigurationName = Release;
		};
/* End XCConfigurationList section */
	};
	rootObject = ECF01F722850A3C90074999E /* Project object */;
}
